
Microsoft Visual Studio Solution File, Format Version 12.00
# Visual Studio Version 16
VisualStudioVersion = 16.0.30204.135
MinimumVisualStudioVersion = 10.0.40219.1
Project("{FAE04EC0-301F-11D3-BF4B-00C04F79EFBC}") = "Hospital", "Hospital\Hospital.csproj", "{D5AD357B-AED9-4BA1-9FE7-51901AA0FFB5}"
EndProject
Project("{FAE04EC0-301F-11D3-BF4B-00C04F79EFBC}") = "CapaPresentacion", "CapaPresentacion\CapaPresentacion.csproj", "{43CA92EC-9292-43F5-857A-D9A4F271F146}"
EndProject
Project("{FAE04EC0-301F-11D3-BF4B-00C04F79EFBC}") = "CapaDatos", "CapaDatos\CapaDatos.csproj", "{21B544EC-F332-4859-B56D-E2D662900C11}"
EndProject
Project("{FAE04EC0-301F-11D3-BF4B-00C04F79EFBC}") = "CapaRegNegocio", "CapaRegNegocio\CapaRegNegocio.csproj", "{52987611-7D21-4FBB-98CA-FF42A63C5C32}"
EndProject
Project("{FAE04EC0-301F-11D3-BF4B-00C04F79EFBC}") = "CapaEntidad", "CapaEntidad\CapaEntidad.csproj", "{58A93BFF-003F-4DF7-B478-C8AE92E6DC11}"
EndProject
Global
	GlobalSection(SolutionConfigurationPlatforms) = preSolution
		Debug|Any CPU = Debug|Any CPU
		Release|Any CPU = Release|Any CPU
	EndGlobalSection
	GlobalSection(ProjectConfigurationPlatforms) = postSolution
		{D5AD357B-AED9-4BA1-9FE7-51901AA0FFB5}.Debug|Any CPU.ActiveCfg = Debug|Any CPU
		{D5AD357B-AED9-4BA1-9FE7-51901AA0FFB5}.Debug|Any CPU.Build.0 = Debug|Any CPU
		{D5AD357B-AED9-4BA1-9FE7-51901AA0FFB5}.Release|Any CPU.ActiveCfg = Release|Any CPU
		{D5AD357B-AED9-4BA1-9FE7-51901AA0FFB5}.Release|Any CPU.Build.0 = Release|Any CPU
		{43CA92EC-9292-43F5-857A-D9A4F271F146}.Debug|Any CPU.ActiveCfg = Debug|Any CPU
		{43CA92EC-9292-43F5-857A-D9A4F271F146}.Debug|Any CPU.Build.0 = Debug|Any CPU
		{43CA92EC-9292-43F5-857A-D9A4F271F146}.Release|Any CPU.ActiveCfg = Release|Any CPU
		{43CA92EC-9292-43F5-857A-D9A4F271F146}.Release|Any CPU.Build.0 = Release|Any CPU
		{21B544EC-F332-4859-B56D-E2D662900C11}.Debug|Any CPU.ActiveCfg = Debug|Any CPU
		{21B544EC-F332-4859-B56D-E2D662900C11}.Debug|Any CPU.Build.0 = Debug|Any CPU
		{21B544EC-F332-4859-B56D-E2D662900C11}.Release|Any CPU.ActiveCfg = Release|Any CPU
		{21B544EC-F332-4859-B56D-E2D662900C11}.Release|Any CPU.Build.0 = Release|Any CPU
		{52987611-7D21-4FBB-98CA-FF42A63C5C32}.Debug|Any CPU.ActiveCfg = Debug|Any CPU
		{52987611-7D21-4FBB-98CA-FF42A63C5C32}.Debug|Any CPU.Build.0 = Debug|Any CPU
		{52987611-7D21-4FBB-98CA-FF42A63C5C32}.Release|Any CPU.ActiveCfg = Release|Any CPU
		{52987611-7D21-4FBB-98CA-FF42A63C5C32}.Release|Any CPU.Build.0 = Release|Any CPU
		{58A93BFF-003F-4DF7-B478-C8AE92E6DC11}.Debug|Any CPU.ActiveCfg = Debug|Any CPU
		{58A93BFF-003F-4DF7-B478-C8AE92E6DC11}.Debug|Any CPU.Build.0 = Debug|Any CPU
		{58A93BFF-003F-4DF7-B478-C8AE92E6DC11}.Release|Any CPU.ActiveCfg = Release|Any CPU
		{58A93BFF-003F-4DF7-B478-C8AE92E6DC11}.Release|Any CPU.Build.0 = Release|Any CPU
	EndGlobalSection
	GlobalSection(SolutionProperties) = preSolution
		HideSolutionNode = FALSE
	EndGlobalSection
	GlobalSection(ExtensibilityGlobals) = postSolution
		SolutionGuid = {BCB47800-F95D-4C13-8EAA-1C1CE064AD49}
	EndGlobalSection
EndGlobal
